# SPDX-FileCopyrightText: 2023 Kalle Fagerberg
#
# SPDX-License-Identifier: CC0-1.0

apiVersion: krew.googlecontainertools.github.com/v1alpha2
kind: Plugin
metadata:
  name: klock
spec:
  version: v0.3.2
  homepage: https://github.com/jilleJr/kubectl-klock
  platforms:
  - selector:
      matchLabels:
        os: linux
        arch: amd64
    uri: https://github.com/jilleJr/kubectl-klock/releases/download/v0.3.2/klock_linux_amd64.tar.gz
    sha256: 94d8ac03304cbe0920e5a780d4ab5004239945356e77c6c228b949dae6d4dc14
    files:
    - from: "./klock"
      to: "."
    - from: LICENSE
      to: "."
    bin: "klock"

  - selector:
      matchLabels:
        os: linux
        arch: "386"
    uri: https://github.com/jilleJr/kubectl-klock/releases/download/v0.3.2/klock_linux_386.tar.gz
    sha256: 2a5f4dffd28bfcb9cec57dca233c8b8d9541aa1cd6f0f4e7ec6257623d255791
    files:
    - from: "./klock"
      to: "."
    - from: LICENSE
      to: "."
    bin: "klock"

  - selector:
      matchLabels:
        os: linux
        arch: "arm64"
    uri: https://github.com/jilleJr/kubectl-klock/releases/download/v0.3.2/klock_linux_arm64.tar.gz
    sha256: b136f8f93a7e5aa562cb0aa1d8e67286e4fe65175002471af50cceefb2864d06
    files:
    - from: "./klock"
      to: "."
    - from: LICENSE
      to: "."
    bin: "klock"

  - selector:
      matchLabels:
        os: darwin
        arch: amd64
    uri: https://github.com/jilleJr/kubectl-klock/releases/download/v0.3.2/klock_darwin_amd64.tar.gz
    sha256: 3e865cf606ef45f793af118ddd93ab5a764b15c4b33c51d3d794814bcd992376
    files:
    - from: "./klock"
      to: "."
    - from: LICENSE
      to: "."
    bin: "klock"

  - selector:
      matchLabels:
        os: darwin
        arch: arm64
    uri: https://github.com/jilleJr/kubectl-klock/releases/download/v0.3.2/klock_darwin_arm64.tar.gz
    sha256: 00d177de6a0176d9b3d1b0a098719ed9571ae461fe16c2e4dbddbe5b6c9bf73e
    files:
    - from: "./klock"
      to: "."
    - from: LICENSE
      to: "."
    bin: "klock"

  - selector:
      matchLabels:
        os: windows
        arch: amd64
    uri: https://github.com/jilleJr/kubectl-klock/releases/download/v0.3.2/klock_windows_amd64.zip
    sha256: ef2c6383538eb2b5f50c665b9c3e7bba3ecaeb139e22ba0c6bb47b2b4e65d9bb
    files:
    - from: "/klock.exe"
      to: "."
    - from: LICENSE
      to: "."
    bin: "klock.exe"

  - selector:
      matchLabels:
        os: windows
        arch: "386"
    uri: https://github.com/jilleJr/kubectl-klock/releases/download/v0.3.2/klock_windows_386.zip
    sha256: ef4280e1dc71b3d7f913b60e2b8e5aa50edfa346f85b41e65ff7602f49f69a38
    files:
    - from: "/klock.exe"
      to: "."
    - from: LICENSE
      to: "."
    bin: "klock.exe"

  - selector:
      matchLabels:
        os: windows
        arch: arm64
    uri: https://github.com/jilleJr/kubectl-klock/releases/download/v0.3.2/klock_windows_arm64.zip
    sha256: 2b63eb4b42ea41bbfeb0a74a17b114c2df1f5ee305cad78c02bab04d3a4f661b
    files:
    - from: "/klock.exe"
      to: "."
    - from: LICENSE
      to: "."
    bin: "klock.exe"

  shortDescription: Watches resources
  description: |
    Watches resources and prints them in a human-readable manner.
    Very similar to `kubectl get`, but with live updates.
