# SPDX-FileCopyrightText: 2023 Kalle Fagerberg
#
# SPDX-License-Identifier: CC0-1.0

apiVersion: krew.googlecontainertools.github.com/v1alpha2
kind: Plugin
metadata:
  name: klock
spec:
  version: v0.5.1
  homepage: https://github.com/applejag/kubectl-klock
  platforms:
  - selector:
      matchLabels:
        os: linux
        arch: amd64
    uri: https://github.com/applejag/kubectl-klock/releases/download/v0.5.1/kubectl-klock_linux_amd64.tar.gz
    sha256: c4243b68023f18594022c481d4f104daf4cb288fa5531259a662d65c2b3b0f88
    files:
    - from: "./kubectl-klock"
      to: "."
    - from: LICENSE
      to: "."
    bin: "kubectl-klock"

  - selector:
      matchLabels:
        os: linux
        arch: "386"
    uri: https://github.com/applejag/kubectl-klock/releases/download/v0.5.1/kubectl-klock_linux_386.tar.gz
    sha256: dc17b29167735d21d80b401898e636c5eaf5936b3118aa0dcfff559e37a3c326
    files:
    - from: "./kubectl-klock"
      to: "."
    - from: LICENSE
      to: "."
    bin: "kubectl-klock"

  - selector:
      matchLabels:
        os: linux
        arch: "arm64"
    uri: https://github.com/applejag/kubectl-klock/releases/download/v0.5.1/kubectl-klock_linux_arm64.tar.gz
    sha256: 8c87915320307918bd561e07d69d6f3552263253d9c1ad7c46284c93f0a5002b
    files:
    - from: "./kubectl-klock"
      to: "."
    - from: LICENSE
      to: "."
    bin: "kubectl-klock"

  - selector:
      matchLabels:
        os: darwin
        arch: amd64
    uri: https://github.com/applejag/kubectl-klock/releases/download/v0.5.1/kubectl-klock_darwin_amd64.tar.gz
    sha256: 2257c6cd410688c7abe8f18697c36f9df43946467e2c1eb93e0c90bab6d6b416
    files:
    - from: "./kubectl-klock"
      to: "."
    - from: LICENSE
      to: "."
    bin: "kubectl-klock"

  - selector:
      matchLabels:
        os: darwin
        arch: arm64
    uri: https://github.com/applejag/kubectl-klock/releases/download/v0.5.1/kubectl-klock_darwin_arm64.tar.gz
    sha256: aeab2d8b63be5ccfc482a3c5dfdab2101ab51779c282e708be1ec2f0230939df
    files:
    - from: "./kubectl-klock"
      to: "."
    - from: LICENSE
      to: "."
    bin: "kubectl-klock"

  - selector:
      matchLabels:
        os: windows
        arch: amd64
    uri: https://github.com/applejag/kubectl-klock/releases/download/v0.5.1/kubectl-klock_windows_amd64.zip
    sha256: dfc8cad000748d4e0eb8dea1e042da6f5212cae5a67e7c76231a46b6afd86c6e
    files:
    - from: "/kubectl-klock.exe"
      to: "."
    - from: LICENSE
      to: "."
    bin: "kubectl-klock.exe"

  - selector:
      matchLabels:
        os: windows
        arch: "386"
    uri: https://github.com/applejag/kubectl-klock/releases/download/v0.5.1/kubectl-klock_windows_386.zip
    sha256: a44966765fbaa6ed243c3a59c891ecda306777502c92c83bc46ffc7afe1f3541
    files:
    - from: "/kubectl-klock.exe"
      to: "."
    - from: LICENSE
      to: "."
    bin: "kubectl-klock.exe"

  - selector:
      matchLabels:
        os: windows
        arch: arm64
    uri: https://github.com/applejag/kubectl-klock/releases/download/v0.5.1/kubectl-klock_windows_arm64.zip
    sha256: 1cfcd41bd35a1e75ee18bc074fd8ea0d99937e52201b0c1e0236cb6a376a253a
    files:
    - from: "/kubectl-klock.exe"
      to: "."
    - from: LICENSE
      to: "."
    bin: "kubectl-klock.exe"

  shortDescription: Watches resources
  description: |
    Watches resources and prints them in a human-readable manner.
    Very similar to `kubectl get`, but with live updates.
